
Microsoft Visual Studio Solution File, Format Version 12.00
# Visual Studio Version 16
VisualStudioVersion = 16.0.31321.278
MinimumVisualStudioVersion = 10.0.40219.1
Project("{FAE04EC0-301F-11D3-BF4B-00C04F79EFBC}") = "BackOffice", "BackOffice\BackOffice.csproj", "{64E041FC-68EA-42AB-892F-607C2F470FA7}"
EndProject
Global
	GlobalSection(SolutionConfigurationPlatforms) = preSolution
		Debug|Any CPU = Debug|Any CPU
		Release|Any CPU = Release|Any CPU
	EndGlobalSection
	GlobalSection(ProjectConfigurationPlatforms) = postSolution
		{64E041FC-68EA-42AB-892F-607C2F470FA7}.Debug|Any CPU.ActiveCfg = Debug|Any CPU
		{64E041FC-68EA-42AB-892F-607C2F470FA7}.Debug|Any CPU.Build.0 = Debug|Any CPU
		{64E041FC-68EA-42AB-892F-607C2F470FA7}.Release|Any CPU.ActiveCfg = Release|Any CPU
		{64E041FC-68EA-42AB-892F-607C2F470FA7}.Release|Any CPU.Build.0 = Release|Any CPU
	EndGlobalSection
	GlobalSection(SolutionProperties) = preSolution
		HideSolutionNode = FALSE
	EndGlobalSection
	GlobalSection(ExtensibilityGlobals) = postSolution
		SolutionGuid = {C4199E46-D29B-487E-A258-4F19DAEA4758}
	EndGlobalSection
EndGlobal
